// !$*UTF8*$!
{
	archiveVersion = 1;
	classes = {
	};
	objectVersion = 56;
	objects = {

/* Begin PBXBuildFile section */
		55294E062BEF821200F06796 /* CalculatorView.swift in Sources */ = {isa = PBXBuildFile; fileRef = 55294E052BEF821200F06796 /* CalculatorView.swift */; };
		55837A1E2BFA18D100E42774 /* ButtonType.swift in Sources */ = {isa = PBXBuildFile; fileRef = 55837A1D2BFA18D000E42774 /* ButtonType.swift */; };
		55837A202BFA194A00E42774 /* Digit.swift in Sources */ = {isa = PBXBuildFile; fileRef = 55837A1F2BFA194A00E42774 /* Digit.swift */; };
		55837A222BFA196200E42774 /* ArithmeticOperation.swift in Sources */ = {isa = PBXBuildFile; fileRef = 55837A212BFA196200E42774 /* ArithmeticOperation.swift */; };
		55837A272BFA1DC000E42774 /* CalculatorButtonStyle.swift in Sources */ = {isa = PBXBuildFile; fileRef = 55837A262BFA1DC000E42774 /* CalculatorButtonStyle.swift */; };
		55854AAF2C04CF9700D63792 /* Constants.swift in Sources */ = {isa = PBXBuildFile; fileRef = 55854AAE2C04CF9700D63792 /* Constants.swift */; };
		55854AB12C04D55E00D63792 /* Calculator.swift in Sources */ = {isa = PBXBuildFile; fileRef = 55854AB02C04D55E00D63792 /* Calculator.swift */; };
		55B9F3642C08A3BB0029EE97 /* CalculatorViewModel.swift in Sources */ = {isa = PBXBuildFile; fileRef = 55B9F3632C08A3BB0029EE97 /* CalculatorViewModel.swift */; };
		55B9F3672C08C3EB0029EE97 /* Inject in Frameworks */ = {isa = PBXBuildFile; productRef = 55B9F3662C08C3EB0029EE97 /* Inject */; };
		55DA13152BEE60BD007B4293 /* CalculatorApp.swift in Sources */ = {isa = PBXBuildFile; fileRef = 55DA13142BEE60BD007B4293 /* CalculatorApp.swift */; };
		55DA13192BEE60BE007B4293 /* Assets.xcassets in Resources */ = {isa = PBXBuildFile; fileRef = 55DA13182BEE60BE007B4293 /* Assets.xcassets */; };
		55DA131C2BEE60BE007B4293 /* Preview Assets.xcassets in Resources */ = {isa = PBXBuildFile; fileRef = 55DA131B2BEE60BE007B4293 /* Preview Assets.xcassets */; };
		55E970892C0297D50055F4A1 /* CalculatorButton.swift in Sources */ = {isa = PBXBuildFile; fileRef = 55E970882C0297D50055F4A1 /* CalculatorButton.swift */; };
		55E9708D2C029BCD0055F4A1 /* .swiftlint.yml in Resources */ = {isa = PBXBuildFile; fileRef = 55E9708C2C029BCD0055F4A1 /* .swiftlint.yml */; };
/* End PBXBuildFile section */

/* Begin PBXFileReference section */
		55294E052BEF821200F06796 /* CalculatorView.swift */ = {isa = PBXFileReference; lastKnownFileType = sourcecode.swift; path = CalculatorView.swift; sourceTree = "<group>"; };
		55837A1D2BFA18D000E42774 /* ButtonType.swift */ = {isa = PBXFileReference; lastKnownFileType = sourcecode.swift; path = ButtonType.swift; sourceTree = "<group>"; };
		55837A1F2BFA194A00E42774 /* Digit.swift */ = {isa = PBXFileReference; lastKnownFileType = sourcecode.swift; path = Digit.swift; sourceTree = "<group>"; };
		55837A212BFA196200E42774 /* ArithmeticOperation.swift */ = {isa = PBXFileReference; lastKnownFileType = sourcecode.swift; path = ArithmeticOperation.swift; sourceTree = "<group>"; };
		55837A262BFA1DC000E42774 /* CalculatorButtonStyle.swift */ = {isa = PBXFileReference; lastKnownFileType = sourcecode.swift; path = CalculatorButtonStyle.swift; sourceTree = "<group>"; };
		55854AAE2C04CF9700D63792 /* Constants.swift */ = {isa = PBXFileReference; lastKnownFileType = sourcecode.swift; path = Constants.swift; sourceTree = "<group>"; };
		55854AB02C04D55E00D63792 /* Calculator.swift */ = {isa = PBXFileReference; lastKnownFileType = sourcecode.swift; path = Calculator.swift; sourceTree = "<group>"; };
		55B9F3632C08A3BB0029EE97 /* CalculatorViewModel.swift */ = {isa = PBXFileReference; lastKnownFileType = sourcecode.swift; path = CalculatorViewModel.swift; sourceTree = "<group>"; };
		55B9F3682C08C4470029EE97 /* README.md */ = {isa = PBXFileReference; lastKnownFileType = net.daringfireball.markdown; path = README.md; sourceTree = "<group>"; };
		55DA13112BEE60BD007B4293 /* Calculator.app */ = {isa = PBXFileReference; explicitFileType = wrapper.application; includeInIndex = 0; path = Calculator.app; sourceTree = BUILT_PRODUCTS_DIR; };
		55DA13142BEE60BD007B4293 /* CalculatorApp.swift */ = {isa = PBXFileReference; lastKnownFileType = sourcecode.swift; path = CalculatorApp.swift; sourceTree = "<group>"; };
		55DA13182BEE60BE007B4293 /* Assets.xcassets */ = {isa = PBXFileReference; lastKnownFileType = folder.assetcatalog; path = Assets.xcassets; sourceTree = "<group>"; };
		55DA131B2BEE60BE007B4293 /* Preview Assets.xcassets */ = {isa = PBXFileReference; lastKnownFileType = folder.assetcatalog; path = "Preview Assets.xcassets"; sourceTree = "<group>"; };
		55E970882C0297D50055F4A1 /* CalculatorButton.swift */ = {isa = PBXFileReference; lastKnownFileType = sourcecode.swift; path = CalculatorButton.swift; sourceTree = "<group>"; };
		55E9708C2C029BCD0055F4A1 /* .swiftlint.yml */ = {isa = PBXFileReference; lastKnownFileType = text.yaml; path = .swiftlint.yml; sourceTree = "<group>"; };
/* End PBXFileReference section */

/* Begin PBXFrameworksBuildPhase section */
		55DA130E2BEE60BD007B4293 /* Frameworks */ = {
			isa = PBXFrameworksBuildPhase;
			buildActionMask = 2147483647;
			files = (
				55B9F3672C08C3EB0029EE97 /* Inject in Frameworks */,
			);
			runOnlyForDeploymentPostprocessing = 0;
		};
/* End PBXFrameworksBuildPhase section */

/* Begin PBXGroup section */
		55294E072BEF82B300F06796 /* Model */ = {
			isa = PBXGroup;
			children = (
				55837A1D2BFA18D000E42774 /* ButtonType.swift */,
				55837A1F2BFA194A00E42774 /* Digit.swift */,
				55837A212BFA196200E42774 /* ArithmeticOperation.swift */,
				55854AB02C04D55E00D63792 /* Calculator.swift */,
			);
			path = Model;
			sourceTree = "<group>";
		};
		55837A252BFA1DA800E42774 /* Style */ = {
			isa = PBXGroup;
			children = (
				55837A262BFA1DC000E42774 /* CalculatorButtonStyle.swift */,
			);
			path = Style;
			sourceTree = "<group>";
		};
		55DA13082BEE60BD007B4293 = {
			isa = PBXGroup;
			children = (
				55B9F3682C08C4470029EE97 /* README.md */,
				55DA13132BEE60BD007B4293 /* Calculator */,
				55E9708C2C029BCD0055F4A1 /* .swiftlint.yml */,
				55DA13122BEE60BD007B4293 /* Products */,
			);
			sourceTree = "<group>";
		};
		55DA13122BEE60BD007B4293 /* Products */ = {
			isa = PBXGroup;
			children = (
				55DA13112BEE60BD007B4293 /* Calculator.app */,
			);
			name = Products;
			sourceTree = "<group>";
		};
		55DA13132BEE60BD007B4293 /* Calculator */ = {
			isa = PBXGroup;
			children = (
				55E970862C0297AA0055F4A1 /* View */,
				55294E052BEF821200F06796 /* CalculatorView.swift */,
				55B9F3632C08A3BB0029EE97 /* CalculatorViewModel.swift */,
				55837A252BFA1DA800E42774 /* Style */,
				55294E072BEF82B300F06796 /* Model */,
				55DA13142BEE60BD007B4293 /* CalculatorApp.swift */,
				55DA13182BEE60BE007B4293 /* Assets.xcassets */,
				55DA131A2BEE60BE007B4293 /* Preview Content */,
				55854AAE2C04CF9700D63792 /* Constants.swift */,
			);
			path = Calculator;
			sourceTree = "<group>";
		};
		55DA131A2BEE60BE007B4293 /* Preview Content */ = {
			isa = PBXGroup;
			children = (
				55DA131B2BEE60BE007B4293 /* Preview Assets.xcassets */,
			);
			path = "Preview Content";
			sourceTree = "<group>";
		};
		55E970862C0297AA0055F4A1 /* View */ = {
			isa = PBXGroup;
			children = (
				55E970872C0297B10055F4A1 /* Component */,
			);
			path = View;
			sourceTree = "<group>";
		};
		55E970872C0297B10055F4A1 /* Component */ = {
			isa = PBXGroup;
			children = (
				55E970882C0297D50055F4A1 /* CalculatorButton.swift */,
			);
			path = Component;
			sourceTree = "<group>";
		};
/* End PBXGroup section */

/* Begin PBXNativeTarget section */
		55DA13102BEE60BD007B4293 /* Calculator */ = {
			isa = PBXNativeTarget;
			buildConfigurationList = 55DA131F2BEE60BE007B4293 /* Build configuration list for PBXNativeTarget "Calculator" */;
			buildPhases = (
				55DA130D2BEE60BD007B4293 /* Sources */,
				55DA130E2BEE60BD007B4293 /* Frameworks */,
				55DA130F2BEE60BD007B4293 /* Resources */,
				55E9708B2C029AEC0055F4A1 /* ShellScript */,
			);
			buildRules = (
			);
			dependencies = (
			);
			name = Calculator;
			packageProductDependencies = (
				55B9F3662C08C3EB0029EE97 /* Inject */,
			);
			productName = Calculator;
			productReference = 55DA13112BEE60BD007B4293 /* Calculator.app */;
			productType = "com.apple.product-type.application";
		};
/* End PBXNativeTarget section */

/* Begin PBXProject section */
		55DA13092BEE60BD007B4293 /* Project object */ = {
			isa = PBXProject;
			attributes = {
				BuildIndependentTargetsInParallel = 1;
				LastSwiftUpdateCheck = 1530;
				LastUpgradeCheck = 1530;
				TargetAttributes = {
					55DA13102BEE60BD007B4293 = {
						CreatedOnToolsVersion = 15.3;
					};
				};
			};
			buildConfigurationList = 55DA130C2BEE60BD007B4293 /* Build configuration list for PBXProject "Calculator" */;
			compatibilityVersion = "Xcode 14.0";
			developmentRegion = en;
			hasScannedForEncodings = 0;
			knownRegions = (
				en,
				Base,
			);
			mainGroup = 55DA13082BEE60BD007B4293;
			packageReferences = (
				55B9F3652C08C3EB0029EE97 /* XCRemoteSwiftPackageReference "Inject" */,
			);
			productRefGroup = 55DA13122BEE60BD007B4293 /* Products */;
			projectDirPath = "";
			projectRoot = "";
			targets = (
				55DA13102BEE60BD007B4293 /* Calculator */,
			);
		};
/* End PBXProject section */

/* Begin PBXResourcesBuildPhase section */
		55DA130F2BEE60BD007B4293 /* Resources */ = {
			isa = PBXResourcesBuildPhase;
			buildActionMask = 2147483647;
			files = (
				55E9708D2C029BCD0055F4A1 /* .swiftlint.yml in Resources */,
				55DA131C2BEE60BE007B4293 /* Preview Assets.xcassets in Resources */,
				55DA13192BEE60BE007B4293 /* Assets.xcassets in Resources */,
			);
			runOnlyForDeploymentPostprocessing = 0;
		};
/* End PBXResourcesBuildPhase section */

/* Begin PBXShellScriptBuildPhase section */
		55E9708B2C029AEC0055F4A1 /* ShellScript */ = {
			isa = PBXShellScriptBuildPhase;
			alwaysOutOfDate = 1;
			buildActionMask = 2147483647;
			files = (
			);
			inputFileListPaths = (
			);
			inputPaths = (
			);
			outputFileListPaths = (
			);
			outputPaths = (
			);
			runOnlyForDeploymentPostprocessing = 0;
			shellPath = /bin/sh;
			shellScript = " if which swiftlint >/dev/null; then\n  swiftlint\nelse\n  echo \"warning: SwiftLint not installed, download from https://github.com/realm/SwiftLint\"\nfi\n";
			showEnvVarsInLog = 0;
		};
/* End PBXShellScriptBuildPhase section */

/* Begin PBXSourcesBuildPhase section */
		55DA130D2BEE60BD007B4293 /* Sources */ = {
			isa = PBXSourcesBuildPhase;
			buildActionMask = 2147483647;
			files = (
				55837A222BFA196200E42774 /* ArithmeticOperation.swift in Sources */,
				55E970892C0297D50055F4A1 /* CalculatorButton.swift in Sources */,
				55DA13152BEE60BD007B4293 /* CalculatorApp.swift in Sources */,
				55837A1E2BFA18D100E42774 /* ButtonType.swift in Sources */,
				55B9F3642C08A3BB0029EE97 /* CalculatorViewModel.swift in Sources */,
				55837A272BFA1DC000E42774 /* CalculatorButtonStyle.swift in Sources */,
				55854AB12C04D55E00D63792 /* Calculator.swift in Sources */,
				55294E062BEF821200F06796 /* CalculatorView.swift in Sources */,
				55837A202BFA194A00E42774 /* Digit.swift in Sources */,
				55854AAF2C04CF9700D63792 /* Constants.swift in Sources */,
			);
			runOnlyForDeploymentPostprocessing = 0;
		};
/* End PBXSourcesBuildPhase section */

/* Begin XCBuildConfiguration section */
		55DA131D2BEE60BE007B4293 /* Debug */ = {
			isa = XCBuildConfiguration;
			buildSettings = {
				ALWAYS_SEARCH_USER_PATHS = NO;
				ASSETCATALOG_COMPILER_GENERATE_SWIFT_ASSET_SYMBOL_EXTENSIONS = YES;
				CLANG_ANALYZER_NONNULL = YES;
				CLANG_ANALYZER_NUMBER_OBJECT_CONVERSION = YES_AGGRESSIVE;
				CLANG_CXX_LANGUAGE_STANDARD = "gnu++20";
				CLANG_ENABLE_MODULES = YES;
				CLANG_ENABLE_OBJC_ARC = YES;
				CLANG_ENABLE_OBJC_WEAK = YES;
				CLANG_WARN_BLOCK_CAPTURE_AUTORELEASING = YES;
				CLANG_WARN_BOOL_CONVERSION = YES;
				CLANG_WARN_COMMA = YES;
				CLANG_WARN_CONSTANT_CONVERSION = YES;
				CLANG_WARN_DEPRECATED_OBJC_IMPLEMENTATIONS = YES;
				CLANG_WARN_DIRECT_OBJC_ISA_USAGE = YES_ERROR;
				CLANG_WARN_DOCUMENTATION_COMMENTS = YES;
				CLANG_WARN_EMPTY_BODY = YES;
				CLANG_WARN_ENUM_CONVERSION = YES;
				CLANG_WARN_INFINITE_RECURSION = YES;
				CLANG_WARN_INT_CONVERSION = YES;
				CLANG_WARN_NON_LITERAL_NULL_CONVERSION = YES;
				CLANG_WARN_OBJC_IMPLICIT_RETAIN_SELF = YES;
				CLANG_WARN_OBJC_LITERAL_CONVERSION = YES;
				CLANG_WARN_OBJC_ROOT_CLASS = YES_ERROR;
				CLANG_WARN_QUOTED_INCLUDE_IN_FRAMEWORK_HEADER = YES;
				CLANG_WARN_RANGE_LOOP_ANALYSIS = YES;
				CLANG_WARN_STRICT_PROTOTYPES = YES;
				CLANG_WARN_SUSPICIOUS_MOVE = YES;
				CLANG_WARN_UNGUARDED_AVAILABILITY = YES_AGGRESSIVE;
				CLANG_WARN_UNREACHABLE_CODE = YES;
				CLANG_WARN__DUPLICATE_METHOD_MATCH = YES;
				COPY_PHASE_STRIP = NO;
				DEBUG_INFORMATION_FORMAT = dwarf;
				ENABLE_STRICT_OBJC_MSGSEND = YES;
				ENABLE_TESTABILITY = YES;
				ENABLE_USER_SCRIPT_SANDBOXING = YES;
				GCC_C_LANGUAGE_STANDARD = gnu17;
				GCC_DYNAMIC_NO_PIC = NO;
				GCC_NO_COMMON_BLOCKS = YES;
				GCC_OPTIMIZATION_LEVEL = 0;
				GCC_PREPROCESSOR_DEFINITIONS = (
					"DEBUG=1",
					"$(inherited)",
				);
				GCC_WARN_64_TO_32_BIT_CONVERSION = YES;
				GCC_WARN_ABOUT_RETURN_TYPE = YES_ERROR;
				GCC_WARN_UNDECLARED_SELECTOR = YES;
				GCC_WARN_UNINITIALIZED_AUTOS = YES_AGGRESSIVE;
				GCC_WARN_UNUSED_FUNCTION = YES;
				GCC_WARN_UNUSED_VARIABLE = YES;
				IPHONEOS_DEPLOYMENT_TARGET = 17.4;
				LOCALIZATION_PREFERS_STRING_CATALOGS = YES;
				MTL_ENABLE_DEBUG_INFO = INCLUDE_SOURCE;
				MTL_FAST_MATH = YES;
				ONLY_ACTIVE_ARCH = YES;
				OTHER_LDFLAGS = (
					"-Xlinker",
					"-interposable",
				);
				SDKROOT = iphoneos;
				SWIFT_ACTIVE_COMPILATION_CONDITIONS = "DEBUG $(inherited)";
				SWIFT_OPTIMIZATION_LEVEL = "-Onone";
			};
			name = Debug;
		};
		55DA131E2BEE60BE007B4293 /* Release */ = {
			isa = XCBuildConfiguration;
			buildSettings = {
				ALWAYS_SEARCH_USER_PATHS = NO;
				ASSETCATALOG_COMPILER_GENERATE_SWIFT_ASSET_SYMBOL_EXTENSIONS = YES;
				CLANG_ANALYZER_NONNULL = YES;
				CLANG_ANALYZER_NUMBER_OBJECT_CONVERSION = YES_AGGRESSIVE;
				CLANG_CXX_LANGUAGE_STANDARD = "gnu++20";
				CLANG_ENABLE_MODULES = YES;
				CLANG_ENABLE_OBJC_ARC = YES;
				CLANG_ENABLE_OBJC_WEAK = YES;
				CLANG_WARN_BLOCK_CAPTURE_AUTORELEASING = YES;
				CLANG_WARN_BOOL_CONVERSION = YES;
				CLANG_WARN_COMMA = YES;
				CLANG_WARN_CONSTANT_CONVERSION = YES;
				CLANG_WARN_DEPRECATED_OBJC_IMPLEMENTATIONS = YES;
				CLANG_WARN_DIRECT_OBJC_ISA_USAGE = YES_ERROR;
				CLANG_WARN_DOCUMENTATION_COMMENTS = YES;
				CLANG_WARN_EMPTY_BODY = YES;
				CLANG_WARN_ENUM_CONVERSION = YES;
				CLANG_WARN_INFINITE_RECURSION = YES;
				CLANG_WARN_INT_CONVERSION = YES;
				CLANG_WARN_NON_LITERAL_NULL_CONVERSION = YES;
				CLANG_WARN_OBJC_IMPLICIT_RETAIN_SELF = YES;
				CLANG_WARN_OBJC_LITERAL_CONVERSION = YES;
				CLANG_WARN_OBJC_ROOT_CLASS = YES_ERROR;
				CLANG_WARN_QUOTED_INCLUDE_IN_FRAMEWORK_HEADER = YES;
				CLANG_WARN_RANGE_LOOP_ANALYSIS = YES;
				CLANG_WARN_STRICT_PROTOTYPES = YES;
				CLANG_WARN_SUSPICIOUS_MOVE = YES;
				CLANG_WARN_UNGUARDED_AVAILABILITY = YES_AGGRESSIVE;
				CLANG_WARN_UNREACHABLE_CODE = YES;
				CLANG_WARN__DUPLICATE_METHOD_MATCH = YES;
				COPY_PHASE_STRIP = NO;
				DEBUG_INFORMATION_FORMAT = "dwarf-with-dsym";
				ENABLE_NS_ASSERTIONS = NO;
				ENABLE_STRICT_OBJC_MSGSEND = YES;
				ENABLE_USER_SCRIPT_SANDBOXING = YES;
				GCC_C_LANGUAGE_STANDARD = gnu17;
				GCC_NO_COMMON_BLOCKS = YES;
				GCC_WARN_64_TO_32_BIT_CONVERSION = YES;
				GCC_WARN_ABOUT_RETURN_TYPE = YES_ERROR;
				GCC_WARN_UNDECLARED_SELECTOR = YES;
				GCC_WARN_UNINITIALIZED_AUTOS = YES_AGGRESSIVE;
				GCC_WARN_UNUSED_FUNCTION = YES;
				GCC_WARN_UNUSED_VARIABLE = YES;
				IPHONEOS_DEPLOYMENT_TARGET = 17.4;
				LOCALIZATION_PREFERS_STRING_CATALOGS = YES;
				MTL_ENABLE_DEBUG_INFO = NO;
				MTL_FAST_MATH = YES;
				SDKROOT = iphoneos;
				SWIFT_COMPILATION_MODE = wholemodule;
				VALIDATE_PRODUCT = YES;
			};
			name = Release;
		};
		55DA13202BEE60BE007B4293 /* Debug */ = {
			isa = XCBuildConfiguration;
			buildSettings = {
				ASSETCATALOG_COMPILER_APPICON_NAME = AppIcon;
				ASSETCATALOG_COMPILER_GLOBAL_ACCENT_COLOR_NAME = AccentColor;
				CODE_SIGN_STYLE = Automatic;
				CURRENT_PROJECT_VERSION = 1;
				DEVELOPMENT_ASSET_PATHS = "\"Calculator/Preview Content\"";
				DEVELOPMENT_TEAM = X3Y69D3VMD;
				ENABLE_PREVIEWS = YES;
				ENABLE_USER_SCRIPT_SANDBOXING = NO;
				GENERATE_INFOPLIST_FILE = YES;
				INFOPLIST_KEY_UIApplicationSceneManifest_Generation = YES;
				INFOPLIST_KEY_UIApplicationSupportsIndirectInputEvents = YES;
				INFOPLIST_KEY_UILaunchScreen_Generation = YES;
				INFOPLIST_KEY_UISupportedInterfaceOrientations_iPad = "UIInterfaceOrientationPortrait UIInterfaceOrientationPortraitUpsideDown UIInterfaceOrientationLandscapeLeft UIInterfaceOrientationLandscapeRight";
				INFOPLIST_KEY_UISupportedInterfaceOrientations_iPhone = "UIInterfaceOrientationPortrait UIInterfaceOrientationLandscapeLeft UIInterfaceOrientationLandscapeRight";
				LD_RUNPATH_SEARCH_PATHS = (
					"$(inherited)",
					"@executable_path/Frameworks",
				);
				MARKETING_VERSION = 1.0;
				PRODUCT_BUNDLE_IDENTIFIER = Mauzec.Calculator;
				PRODUCT_NAME = "$(TARGET_NAME)";
				SWIFT_EMIT_LOC_STRINGS = YES;
				SWIFT_VERSION = 5.0;
				TARGETED_DEVICE_FAMILY = "1,2";
			};
			name = Debug;
		};
		55DA13212BEE60BE007B4293 /* Release */ = {
			isa = XCBuildConfiguration;
			buildSettings = {
				ASSETCATALOG_COMPILER_APPICON_NAME = AppIcon;
				ASSETCATALOG_COMPILER_GLOBAL_ACCENT_COLOR_NAME = AccentColor;
				CODE_SIGN_STYLE = Automatic;
				CURRENT_PROJECT_VERSION = 1;
				DEVELOPMENT_ASSET_PATHS = "\"Calculator/Preview Content\"";
				DEVELOPMENT_TEAM = X3Y69D3VMD;
				ENABLE_PREVIEWS = YES;
				ENABLE_USER_SCRIPT_SANDBOXING = NO;
				GENERATE_INFOPLIST_FILE = YES;
				INFOPLIST_KEY_UIApplicationSceneManifest_Generation = YES;
				INFOPLIST_KEY_UIApplicationSupportsIndirectInputEvents = YES;
				INFOPLIST_KEY_UILaunchScreen_Generation = YES;
				INFOPLIST_KEY_UISupportedInterfaceOrientations_iPad = "UIInterfaceOrientationPortrait UIInterfaceOrientationPortraitUpsideDown UIInterfaceOrientationLandscapeLeft UIInterfaceOrientationLandscapeRight";
				INFOPLIST_KEY_UISupportedInterfaceOrientations_iPhone = "UIInterfaceOrientationPortrait UIInterfaceOrientationLandscapeLeft UIInterfaceOrientationLandscapeRight";
				LD_RUNPATH_SEARCH_PATHS = (
					"$(inherited)",
					"@executable_path/Frameworks",
				);
				MARKETING_VERSION = 1.0;
				PRODUCT_BUNDLE_IDENTIFIER = Mauzec.Calculator;
				PRODUCT_NAME = "$(TARGET_NAME)";
				SWIFT_EMIT_LOC_STRINGS = YES;
				SWIFT_VERSION = 5.0;
				TARGETED_DEVICE_FAMILY = "1,2";
			};
			name = Release;
		};
/* End XCBuildConfiguration section */

/* Begin XCConfigurationList section */
		55DA130C2BEE60BD007B4293 /* Build configuration list for PBXProject "Calculator" */ = {
			isa = XCConfigurationList;
			buildConfigurations = (
				55DA131D2BEE60BE007B4293 /* Debug */,
				55DA131E2BEE60BE007B4293 /* Release */,
			);
			defaultConfigurationIsVisible = 0;
			defaultConfigurationName = Release;
		};
		55DA131F2BEE60BE007B4293 /* Build configuration list for PBXNativeTarget "Calculator" */ = {
			isa = XCConfigurationList;
			buildConfigurations = (
				55DA13202BEE60BE007B4293 /* Debug */,
				55DA13212BEE60BE007B4293 /* Release */,
			);
			defaultConfigurationIsVisible = 0;
			defaultConfigurationName = Release;
		};
/* End XCConfigurationList section */

/* Begin XCRemoteSwiftPackageReference section */
		55B9F3652C08C3EB0029EE97 /* XCRemoteSwiftPackageReference "Inject" */ = {
			isa = XCRemoteSwiftPackageReference;
			repositoryURL = "https://github.com/krzysztofzablocki/Inject.git";
			requirement = {
				kind = upToNextMajorVersion;
				minimumVersion = 1.5.0;
			};
		};
/* End XCRemoteSwiftPackageReference section */

/* Begin XCSwiftPackageProductDependency section */
		55B9F3662C08C3EB0029EE97 /* Inject */ = {
			isa = XCSwiftPackageProductDependency;
			package = 55B9F3652C08C3EB0029EE97 /* XCRemoteSwiftPackageReference "Inject" */;
			productName = Inject;
		};
/* End XCSwiftPackageProductDependency section */
	};
	rootObject = 55DA13092BEE60BD007B4293 /* Project object */;
}
