{
  "originHash" : "854e288d98f610136659a608597076475e59cd144d7f2033a2f471ab5dad0950",
  "pins" : [
    {
      "identity" : "inject",
      "kind" : "remoteSourceControl",
      "location" : "https://github.com/krzysztofzablocki/Inject.git",
      "state" : {
        "revision" : "838e614220000a563bbaeba2974236f2c2c51e13",
        "version" : "1.5.0"
      }
    }
  ],
  "version" : 3
}
